# THIS IS AN AUTOGENERATED FILE. DO NOT EDIT THIS FILE DIRECTLY.
# yarn lockfile v1


"@types/async@^3.2.12":
  version "3.2.12"
  resolved "https://registry.yarnpkg.com/@types/async/-/async-3.2.12.tgz#0ebbfaf3f249ffa0fdc50179b07705f69c90d70c"
  integrity sha512-4i4w4tfNDo73BOjk0qHcB2YJ8A2SjITCrU4BTsgdJFTsVr6atPDXa0T9r0QZTrX3axtWwkqpZqF4B3gR0TqBGw==

"@types/graphlib@^2.1.8":
  version "2.1.8"
  resolved "https://registry.yarnpkg.com/@types/graphlib/-/graphlib-2.1.8.tgz#9edd607e4b863a33b8b78cb08385c0be6896008a"
  integrity sha512-8nbbyD3zABRA9ePoBgAl2ym8cIwKQXTfv1gaIRTdY99yEOCaHfmjBeRp+BIemS8NtOqoWK7mfzWxjNrxLK3T5w==

"@types/npm-package-arg@^6.1.1":
  version "6.1.1"
  resolved "https://registry.yarnpkg.com/@types/npm-package-arg/-/npm-package-arg-6.1.1.tgz#9e2d8adc04d39824a3d9f36f738010a3f7da3c1a"
  integrity sha512-452/1Kp9IdM/oR10AyqAgZOxUt7eLbm+EMJ194L6oarMYdZNiFIFAOJ7IIr0OrZXTySgfHjJezh2oiyk2kc3ag==

"@types/semver@^7.3.9":
  version "7.3.9"
  resolved "https://registry.yarnpkg.com/@types/semver/-/semver-7.3.9.tgz#152c6c20a7688c30b967ec1841d31ace569863fc"
  integrity sha512-L/TMpyURfBkf+o/526Zb6kd/tchUP3iBDEPjqjb+U2MAJhVRxxrmr2fwpe08E7QsV7YLcpq0tUaQ9O9x97ZIxQ==

async@^3.2.3:
  version "3.2.3"
  resolved "https://registry.yarnpkg.com/async/-/async-3.2.3.tgz#ac53dafd3f4720ee9e8a160628f18ea91df196c9"
  integrity sha512-spZRyzKL5l5BZQrr/6m/SqFdBN0q3OCI0f9rjfBzCMBIP4p75P620rR3gTmaksNOhmzgdxcaxdNfMy6anrbM0g==

builtins@^1.0.3:
  version "1.0.3"
  resolved "https://registry.yarnpkg.com/builtins/-/builtins-1.0.3.tgz#cb94faeb61c8696451db36534e1422f94f0aee88"
  integrity sha1-y5T662HIaWRR2zZTThQi+U8K7og=

graphlib@^2.1.5:
  version "2.1.8"
  resolved "https://registry.yarnpkg.com/graphlib/-/graphlib-2.1.8.tgz#5761d414737870084c92ec7b5dbcb0592c9d35da"
  integrity sha512-jcLLfkpoVGmH7/InMC/1hIvOPSUh38oJtGhvrOFGzioE1DZ+0YW16RgmOJhHiuWTvGiJQ9Z1Ik43JvkRPRvE+A==
  dependencies:
    lodash "^4.17.15"

hosted-git-info@^2.7.1:
  version "2.8.9"
  resolved "https://registry.yarnpkg.com/hosted-git-info/-/hosted-git-info-2.8.9.tgz#dffc0bf9a21c02209090f2aa69429e1414daf3f9"
  integrity sha512-mxIDAb9Lsm6DoOJ7xH+5+X4y1LU/4Hi50L9C5sIswK3JzULS4bwk1FvjdBgvYR4bzT4tuUQiC15FE2f5HbLvYw==

lodash@^4.17.15:
  version "4.17.21"
  resolved "https://registry.yarnpkg.com/lodash/-/lodash-4.17.21.tgz#679591c564c3bffaae8454cf0b3df370c3d6911c"
  integrity sha512-v2kDEe57lecTulaDIuNTPy3Ry4gLGJ6Z1O3vE1krgXZNrsQ+LFTGHVxVjcXPs17LhbZVGedAJv8XZ1tvj5FvSg==

npm-package-arg@^6.1.1:
  version "6.1.1"
  resolved "https://registry.yarnpkg.com/npm-package-arg/-/npm-package-arg-6.1.1.tgz#02168cb0a49a2b75bf988a28698de7b529df5cb7"
  integrity sha512-qBpssaL3IOZWi5vEKUKW0cO7kzLeT+EQO9W8RsLOZf76KF9E/K9+wH0C7t06HXPpaH8WH5xF1MExLuCwbTqRUg==
  dependencies:
    hosted-git-info "^2.7.1"
    osenv "^0.1.5"
    semver "^5.6.0"
    validate-npm-package-name "^3.0.0"

os-homedir@^1.0.0:
  version "1.0.2"
  resolved "https://registry.yarnpkg.com/os-homedir/-/os-homedir-1.0.2.tgz#ffbc4988336e0e833de0c168c7ef152121aa7fb3"
  integrity sha1-/7xJiDNuDoM94MFox+8VISGqf7M=

os-tmpdir@^1.0.0:
  version "1.0.2"
  resolved "https://registry.yarnpkg.com/os-tmpdir/-/os-tmpdir-1.0.2.tgz#bbe67406c79aa85c5cfec766fe5734555dfa1274"
  integrity sha1-u+Z0BseaqFxc/sdm/lc0VV36EnQ=

osenv@^0.1.5:
  version "0.1.5"
  resolved "https://registry.yarnpkg.com/osenv/-/osenv-0.1.5.tgz#85cdfafaeb28e8677f416e287592b5f3f49ea410"
  integrity sha512-0CWcCECdMVc2Rw3U5w9ZjqX6ga6ubk1xDVKxtBQPK7wis/0F2r9T6k4ydGYhecl7YUBxBVxhL5oisPsNxAPe2g==
  dependencies:
    os-homedir "^1.0.0"
    os-tmpdir "^1.0.0"

semver@^5.5.0, semver@^5.6.0:
  version "5.7.1"
  resolved "https://registry.yarnpkg.com/semver/-/semver-5.7.1.tgz#a954f931aeba508d307bbf069eff0c01c96116f7"
  integrity sha512-sauaDf/PZdVgrLTNYHRtpXa1iRiKcaebiKQ1BJdpQlWH2lCvexQdX55snPFyK7QzpudqbCI0qXFfOasHdyNDGQ==

validate-npm-package-name@^3.0.0:
  version "3.0.0"
  resolved "https://registry.yarnpkg.com/validate-npm-package-name/-/validate-npm-package-name-3.0.0.tgz#5fa912d81eb7d0c74afc140de7317f0ca7df437e"
  integrity sha1-X6kS2B630MdK/BQN5zF/DKffQ34=
  dependencies:
    builtins "^1.0.3"
